# THIS IS AN AUTOGENERATED FILE. DO NOT EDIT THIS FILE DIRECTLY.
# yarn lockfile v1


"@types/google-protobuf@^3.7.2":
  version "3.7.2"
  resolved "https://registry.yarnpkg.com/@types/google-protobuf/-/google-protobuf-3.7.2.tgz#cd8a360c193ce4d672575a20a79f49ba036d38d2"
  integrity sha512-ifFemzjNchFBCtHS6bZNhSZCBu7tbtOe0e8qY0z2J4HtFXmPJjm6fXSaQsTG7yhShBEZtt2oP/bkwu5k+emlkQ==
